<?xml version="1.0" encoding="utf-8"?>
<Project ToolsVersion="4.0" xmlns="http://schemas.microsoft.com/developer/msbuild/2003">
  <ItemGroup>
    <Filter Include="Source Files">
      <UniqueIdentifier>{4FC737F1-C7A5-4376-A066-2A32D752A2FF}</UniqueIdentifier>
      <Extensions>cpp;c;cc;cxx;c++;cppm;ixx;def;odl;idl;hpj;bat;asm;asmx</Extensions>
    </Filter>
    <Filter Include="Header Files">
      <UniqueIdentifier>{93995380-89BD-4b04-88EB-625FBE52EBFB}</UniqueIdentifier>
      <Extensions>h;hh;hpp;hxx;h++;hm;inl;inc;ipp;xsd</Extensions>
    </Filter>
    <Filter Include="Resource Files">
      <UniqueIdentifier>{67DA6AB6-F800-4c08-8B7A-83BB121AAD01}</UniqueIdentifier>
      <Extensions>rc;ico;cur;bmp;dlg;rc2;rct;bin;rgs;gif;jpg;jpeg;jpe;resx;tiff;tif;png;wav;mfcribbon-ms</Extensions>
    </Filter>
  </ItemGroup>
  <ItemGroup>
    <ClInclude Include="src\DeepMiner\DeepMiner.h">
      <Filter>Header Files</Filter>
    </ClInclude>
    <ClInclude Include="src\DeepMiner\BotHighest.h">
      <Filter>Header Files</Filter>
    </ClInclude>
    <ClInclude Include="src\DeepMiner\BotRandom.h">
      <Filter>Header Files</Filter>
    </ClInclude>
    <ClInclude Include="src\DeepMiner\Bots.h">
      <Filter>Header Files</Filter>
    </ClInclude>
    <ClInclude Include="src\DeepMiner\BotTriple.h">
      <Filter>Header Files</Filter>
    </ClInclude>
    <ClInclude Include="src\DeepMiner\Player.h">
      <Filter>Header Files</Filter>
    </ClInclude>
    <ClInclude Include="src\DeepMiner\World.h">
      <Filter>Header Files</Filter>
    </ClInclude>
    <ClInclude Include="src\OasenCrawler\gameboard.h">
      <Filter>Header Files</Filter>
    </ClInclude>
    <ClInclude Include="src\OasenCrawler\monster.h">
      <Filter>Header Files</Filter>
    </ClInclude>
    <ClInclude Include="src\OasenCrawler\OasenCrawler.h">
      <Filter>Header Files</Filter>
    </ClInclude>
    <ClInclude Include="src\OasenCrawler\playerOC.h">
      <Filter>Header Files</Filter>
    </ClInclude>
    <ClInclude Include="src\Flottenkampf\Battleship.h">
      <Filter>Header Files</Filter>
    </ClInclude>
    <ClInclude Include="src\Flottenkampf\Destroyer.h">
      <Filter>Header Files</Filter>
    </ClInclude>
    <ClInclude Include="src\Flottenkampf\Hunter.h">
      <Filter>Header Files</Filter>
    </ClInclude>
    <ClInclude Include="src\Flottenkampf\playerFK.h">
      <Filter>Header Files</Filter>
    </ClInclude>
    <ClInclude Include="src\Flottenkampf\Ship.h">
      <Filter>Header Files</Filter>
    </ClInclude>
    <ClInclude Include="src\Flottenkampf\WorldFK.h">
      <Filter>Header Files</Filter>
    </ClInclude>
    <ClInclude Include="src\Flottenkampf\Flottenkampf.h">
      <Filter>Header Files</Filter>
    </ClInclude>
    <ClInclude Include="src\4wins\4wins.h">
      <Filter>Header Files</Filter>
    </ClInclude>
    <ClInclude Include="src\15Puzzle\Player15.h">
      <Filter>Header Files</Filter>
    </ClInclude>
    <ClInclude Include="src\15Puzzle\15Puzzle.h">
      <Filter>Header Files</Filter>
    </ClInclude>
  </ItemGroup>
  <ItemGroup>
    <ClCompile Include="src\DeepMiner\DeepMiner.cpp">
      <Filter>Source Files</Filter>
    </ClCompile>
    <ClCompile Include="src\DeepMiner\BotHighest.cpp">
      <Filter>Source Files</Filter>
    </ClCompile>
    <ClCompile Include="src\DeepMiner\BotRandom.cpp">
      <Filter>Source Files</Filter>
    </ClCompile>
    <ClCompile Include="src\DeepMiner\Bots.cpp">
      <Filter>Source Files</Filter>
    </ClCompile>
    <ClCompile Include="src\DeepMiner\BotTriple.cpp">
      <Filter>Source Files</Filter>
    </ClCompile>
    <ClCompile Include="src\DeepMiner\Player.cpp">
      <Filter>Source Files</Filter>
    </ClCompile>
    <ClCompile Include="src\DeepMiner\World.cpp">
      <Filter>Source Files</Filter>
    </ClCompile>
    <ClCompile Include="src\OasenCrawler\gameboard.cpp">
      <Filter>Source Files</Filter>
    </ClCompile>
    <ClCompile Include="src\OasenCrawler\monster.cpp">
      <Filter>Source Files</Filter>
    </ClCompile>
    <ClCompile Include="src\OasenCrawler\OasenCrawler.cpp">
      <Filter>Source Files</Filter>
    </ClCompile>
    <ClCompile Include="src\OasenCrawler\playerOC.cpp">
      <Filter>Source Files</Filter>
    </ClCompile>
    <ClCompile Include="src\Flottenkampf\Battleship.cpp">
      <Filter>Source Files</Filter>
    </ClCompile>
    <ClCompile Include="src\Flottenkampf\Destroyer.cpp">
      <Filter>Source Files</Filter>
    </ClCompile>
    <ClCompile Include="src\Flottenkampf\Flottenkampf.cpp">
      <Filter>Source Files</Filter>
    </ClCompile>
    <ClCompile Include="src\Flottenkampf\Hunter.cpp">
      <Filter>Source Files</Filter>
    </ClCompile>
    <ClCompile Include="src\Flottenkampf\playerFK.cpp">
      <Filter>Source Files</Filter>
    </ClCompile>
    <ClCompile Include="src\Flottenkampf\Ship.cpp">
      <Filter>Source Files</Filter>
    </ClCompile>
    <ClCompile Include="src\Flottenkampf\WorldFK.cpp">
      <Filter>Source Files</Filter>
    </ClCompile>
    <ClCompile Include="src\4wins\4wins.cpp">
      <Filter>Source Files</Filter>
    </ClCompile>
    <ClCompile Include="src\15Puzzle\15Puzzle.cpp">
      <Filter>Source Files</Filter>
    </ClCompile>
    <ClCompile Include="src\15Puzzle\Player15.cpp">
      <Filter>Source Files</Filter>
    </ClCompile>
  </ItemGroup>
</Project>